
Microsoft Visual Studio Solution File, Format Version 12.00
# Visual Studio Version 17
VisualStudioVersion = 17.5.33414.496
MinimumVisualStudioVersion = 10.0.40219.1
Project("{8BC9CEB8-8B4A-11D0-8D11-00A0C91BC942}") = "Ludo", "Ludo\Ludo.vcxproj", "{E764EF1A-6591-4054-AB42-403FDD7E93A7}"
EndProject
Global
	GlobalSection(SolutionConfigurationPlatforms) = preSolution
		Debug|x64 = Debug|x64
		Debug|x86 = Debug|x86
		Release|x64 = Release|x64
		Release|x86 = Release|x86
	EndGlobalSection
	GlobalSection(ProjectConfigurationPlatforms) = postSolution
		{E764EF1A-6591-4054-AB42-403FDD7E93A7}.Debug|x64.ActiveCfg = Debug|x64
		{E764EF1A-6591-4054-AB42-403FDD7E93A7}.Debug|x64.Build.0 = Debug|x64
		{E764EF1A-6591-4054-AB42-403FDD7E93A7}.Debug|x86.ActiveCfg = Debug|Win32
		{E764EF1A-6591-4054-AB42-403FDD7E93A7}.Debug|x86.Build.0 = Debug|Win32
		{E764EF1A-6591-4054-AB42-403FDD7E93A7}.Release|x64.ActiveCfg = Release|x64
		{E764EF1A-6591-4054-AB42-403FDD7E93A7}.Release|x64.Build.0 = Release|x64
		{E764EF1A-6591-4054-AB42-403FDD7E93A7}.Release|x86.ActiveCfg = Release|Win32
		{E764EF1A-6591-4054-AB42-403FDD7E93A7}.Release|x86.Build.0 = Release|Win32
	EndGlobalSection
	GlobalSection(SolutionProperties) = preSolution
		HideSolutionNode = FALSE
	EndGlobalSection
	GlobalSection(ExtensibilityGlobals) = postSolution
		SolutionGuid = {FF53A860-6123-40EF-ABE0-D5E183D022CA}
	EndGlobalSection
EndGlobal
